
Microsoft Visual Studio Solution File, Format Version 12.00
# Visual Studio 15
Project("{FAE04EC0-301F-11D3-BF4B-00C04F79EFBC}") = "Assembly-CSharp", "Assembly-CSharp.csproj", "{50B81939-D037-1D04-3F1C-90AE5769002A}"
EndProject
Global
	GlobalSection(SolutionConfigurationPlatforms) = preSolution
		Debug|Any CPU = Debug|Any CPU
		Release|Any CPU = Release|Any CPU
	EndGlobalSection
	GlobalSection(ProjectConfigurationPlatforms) = postSolution
		{50B81939-D037-1D04-3F1C-90AE5769002A}.Debug|Any CPU.ActiveCfg = Debug|Any CPU
		{50B81939-D037-1D04-3F1C-90AE5769002A}.Debug|Any CPU.Build.0 = Debug|Any CPU
		{50B81939-D037-1D04-3F1C-90AE5769002A}.Release|Any CPU.ActiveCfg = Release|Any CPU
		{50B81939-D037-1D04-3F1C-90AE5769002A}.Release|Any CPU.Build.0 = Release|Any CPU
	EndGlobalSection
	GlobalSection(SolutionProperties) = preSolution
		HideSolutionNode = FALSE
	EndGlobalSection
EndGlobal
